// !$*UTF8*$!
{
	archiveVersion = 1;
	classes = {
	};
	objectVersion = 46;
	objects = {

/* Begin PBXBuildFile section */
		810599A01B1EAE3F00DC320D /* CoreBluetooth.framework in Frameworks */ = {isa = PBXBuildFile; fileRef = 8105999F1B1EAE3F00DC320D /* CoreBluetooth.framework */; };
		810599A31B1EAE8200DC320D /* BLEDeviceManager.m in Sources */ = {isa = PBXBuildFile; fileRef = 810599A21B1EAE8200DC320D /* BLEDeviceManager.m */; };
		8125D3BC1B20270F008F125B /* Device.m in Sources */ = {isa = PBXBuildFile; fileRef = 8125D3BB1B20270F008F125B /* Device.m */; };
		814194861B1EF133008B6B96 /* Main.storyboard in Resources */ = {isa = PBXBuildFile; fileRef = 815606631B185A95005D160A /* Main.storyboard */; };
		8156065B1B185A95005D160A /* AppDelegate.m in Sources */ = {isa = PBXBuildFile; fileRef = 8156065A1B185A95005D160A /* AppDelegate.m */; };
		8156065D1B185A95005D160A /* main.m in Sources */ = {isa = PBXBuildFile; fileRef = 8156065C1B185A95005D160A /* main.m */; };
		815606621B185A95005D160A /* Images.xcassets in Resources */ = {isa = PBXBuildFile; fileRef = 815606611B185A95005D160A /* Images.xcassets */; };
		815606711B185A95005D160A /* miband_unlockerTests.m in Sources */ = {isa = PBXBuildFile; fileRef = 815606701B185A95005D160A /* miband_unlockerTests.m */; };
		8156067C1B185B30005D160A /* MacLocker.m in Sources */ = {isa = PBXBuildFile; fileRef = 8156067B1B185B30005D160A /* MacLocker.m */; };
		8190156B1B1EF50900FC2350 /* Chain_links_24.png in Resources */ = {isa = PBXBuildFile; fileRef = 8190156A1B1EF50900FC2350 /* Chain_links_24.png */; };
		819015731B1EFFE300FC2350 /* MainPopoverViewController.m in Sources */ = {isa = PBXBuildFile; fileRef = 819015711B1EFFE300FC2350 /* MainPopoverViewController.m */; };
		819015741B1EFFE300FC2350 /* MainPopoverViewController.xib in Resources */ = {isa = PBXBuildFile; fileRef = 819015721B1EFFE300FC2350 /* MainPopoverViewController.xib */; };
		819015751B1F198600FC2350 /* CoreBluetooth.framework in Frameworks */ = {isa = PBXBuildFile; fileRef = 8105999F1B1EAE3F00DC320D /* CoreBluetooth.framework */; };
		819015791B1F1A6D00FC2350 /* AppKit.framework in Frameworks */ = {isa = PBXBuildFile; fileRef = 819015781B1F1A6D00FC2350 /* AppKit.framework */; };
/* End PBXBuildFile section */

/* Begin PBXContainerItemProxy section */
		8156066B1B185A95005D160A /* PBXContainerItemProxy */ = {
			isa = PBXContainerItemProxy;
			containerPortal = 8156064C1B185A95005D160A /* Project object */;
			proxyType = 1;
			remoteGlobalIDString = 815606531B185A95005D160A;
			remoteInfo = "miband-unlocker";
		};
/* End PBXContainerItemProxy section */

/* Begin PBXFileReference section */
		8105999F1B1EAE3F00DC320D /* CoreBluetooth.framework */ = {isa = PBXFileReference; lastKnownFileType = wrapper.framework; name = CoreBluetooth.framework; path = System/Library/Frameworks/CoreBluetooth.framework; sourceTree = SDKROOT; };
		810599A11B1EAE8200DC320D /* BLEDeviceManager.h */ = {isa = PBXFileReference; fileEncoding = 4; lastKnownFileType = sourcecode.c.h; path = BLEDeviceManager.h; sourceTree = "<group>"; };
		810599A21B1EAE8200DC320D /* BLEDeviceManager.m */ = {isa = PBXFileReference; fileEncoding = 4; lastKnownFileType = sourcecode.c.objc; path = BLEDeviceManager.m; sourceTree = "<group>"; };
		8125D3BA1B20270F008F125B /* Device.h */ = {isa = PBXFileReference; fileEncoding = 4; lastKnownFileType = sourcecode.c.h; path = Device.h; sourceTree = "<group>"; };
		8125D3BB1B20270F008F125B /* Device.m */ = {isa = PBXFileReference; fileEncoding = 4; lastKnownFileType = sourcecode.c.objc; path = Device.m; sourceTree = "<group>"; };
		815606541B185A95005D160A /* miband-unlocker.app */ = {isa = PBXFileReference; explicitFileType = wrapper.application; includeInIndex = 0; path = "miband-unlocker.app"; sourceTree = BUILT_PRODUCTS_DIR; };
		815606581B185A95005D160A /* Info.plist */ = {isa = PBXFileReference; lastKnownFileType = text.plist.xml; path = Info.plist; sourceTree = "<group>"; };
		815606591B185A95005D160A /* AppDelegate.h */ = {isa = PBXFileReference; lastKnownFileType = sourcecode.c.h; path = AppDelegate.h; sourceTree = "<group>"; };
		8156065A1B185A95005D160A /* AppDelegate.m */ = {isa = PBXFileReference; lastKnownFileType = sourcecode.c.objc; path = AppDelegate.m; sourceTree = "<group>"; };
		8156065C1B185A95005D160A /* main.m */ = {isa = PBXFileReference; lastKnownFileType = sourcecode.c.objc; path = main.m; sourceTree = "<group>"; };
		815606611B185A95005D160A /* Images.xcassets */ = {isa = PBXFileReference; lastKnownFileType = folder.assetcatalog; path = Images.xcassets; sourceTree = "<group>"; };
		815606641B185A95005D160A /* Base */ = {isa = PBXFileReference; lastKnownFileType = file.storyboard; name = Base; path = Base.lproj/Main.storyboard; sourceTree = "<group>"; };
		8156066A1B185A95005D160A /* miband-unlockerTests.xctest */ = {isa = PBXFileReference; explicitFileType = wrapper.cfbundle; includeInIndex = 0; path = "miband-unlockerTests.xctest"; sourceTree = BUILT_PRODUCTS_DIR; };
		8156066F1B185A95005D160A /* Info.plist */ = {isa = PBXFileReference; lastKnownFileType = text.plist.xml; path = Info.plist; sourceTree = "<group>"; };
		815606701B185A95005D160A /* miband_unlockerTests.m */ = {isa = PBXFileReference; lastKnownFileType = sourcecode.c.objc; path = miband_unlockerTests.m; sourceTree = "<group>"; };
		8156067A1B185B30005D160A /* MacLocker.h */ = {isa = PBXFileReference; fileEncoding = 4; lastKnownFileType = sourcecode.c.h; path = MacLocker.h; sourceTree = "<group>"; };
		8156067B1B185B30005D160A /* MacLocker.m */ = {isa = PBXFileReference; fileEncoding = 4; lastKnownFileType = sourcecode.c.objc; path = MacLocker.m; sourceTree = "<group>"; };
		8190156A1B1EF50900FC2350 /* Chain_links_24.png */ = {isa = PBXFileReference; lastKnownFileType = image.png; path = Chain_links_24.png; sourceTree = "<group>"; };
		819015701B1EFFE300FC2350 /* MainPopoverViewController.h */ = {isa = PBXFileReference; fileEncoding = 4; lastKnownFileType = sourcecode.c.h; path = MainPopoverViewController.h; sourceTree = "<group>"; };
		819015711B1EFFE300FC2350 /* MainPopoverViewController.m */ = {isa = PBXFileReference; fileEncoding = 4; lastKnownFileType = sourcecode.c.objc; path = MainPopoverViewController.m; sourceTree = "<group>"; };
		819015721B1EFFE300FC2350 /* MainPopoverViewController.xib */ = {isa = PBXFileReference; fileEncoding = 4; lastKnownFileType = file.xib; path = MainPopoverViewController.xib; sourceTree = "<group>"; };
		819015761B1F19B500FC2350 /* CoreFoundation.framework */ = {isa = PBXFileReference; lastKnownFileType = wrapper.framework; name = CoreFoundation.framework; path = System/Library/Frameworks/CoreFoundation.framework; sourceTree = SDKROOT; };
		819015781B1F1A6D00FC2350 /* AppKit.framework */ = {isa = PBXFileReference; lastKnownFileType = wrapper.framework; name = AppKit.framework; path = System/Library/Frameworks/AppKit.framework; sourceTree = SDKROOT; };
/* End PBXFileReference section */

/* Begin PBXFrameworksBuildPhase section */
		815606511B185A95005D160A /* Frameworks */ = {
			isa = PBXFrameworksBuildPhase;
			buildActionMask = 2147483647;
			files = (
				810599A01B1EAE3F00DC320D /* CoreBluetooth.framework in Frameworks */,
			);
			runOnlyForDeploymentPostprocessing = 0;
		};
		815606671B185A95005D160A /* Frameworks */ = {
			isa = PBXFrameworksBuildPhase;
			buildActionMask = 2147483647;
			files = (
				819015791B1F1A6D00FC2350 /* AppKit.framework in Frameworks */,
				819015751B1F198600FC2350 /* CoreBluetooth.framework in Frameworks */,
			);
			runOnlyForDeploymentPostprocessing = 0;
		};
/* End PBXFrameworksBuildPhase section */

/* Begin PBXGroup section */
		8156064B1B185A95005D160A = {
			isa = PBXGroup;
			children = (
				819015781B1F1A6D00FC2350 /* AppKit.framework */,
				819015761B1F19B500FC2350 /* CoreFoundation.framework */,
				8190156A1B1EF50900FC2350 /* Chain_links_24.png */,
				8105999F1B1EAE3F00DC320D /* CoreBluetooth.framework */,
				815606561B185A95005D160A /* miband-unlocker */,
				8156066D1B185A95005D160A /* miband-unlockerTests */,
				815606551B185A95005D160A /* Products */,
			);
			sourceTree = "<group>";
		};
		815606551B185A95005D160A /* Products */ = {
			isa = PBXGroup;
			children = (
				815606541B185A95005D160A /* miband-unlocker.app */,
				8156066A1B185A95005D160A /* miband-unlockerTests.xctest */,
			);
			name = Products;
			sourceTree = "<group>";
		};
		815606561B185A95005D160A /* miband-unlocker */ = {
			isa = PBXGroup;
			children = (
				815606591B185A95005D160A /* AppDelegate.h */,
				8156065A1B185A95005D160A /* AppDelegate.m */,
				815606611B185A95005D160A /* Images.xcassets */,
				815606631B185A95005D160A /* Main.storyboard */,
				815606571B185A95005D160A /* Supporting Files */,
				8156067A1B185B30005D160A /* MacLocker.h */,
				8156067B1B185B30005D160A /* MacLocker.m */,
				810599A11B1EAE8200DC320D /* BLEDeviceManager.h */,
				810599A21B1EAE8200DC320D /* BLEDeviceManager.m */,
				819015701B1EFFE300FC2350 /* MainPopoverViewController.h */,
				819015711B1EFFE300FC2350 /* MainPopoverViewController.m */,
				819015721B1EFFE300FC2350 /* MainPopoverViewController.xib */,
				8125D3BA1B20270F008F125B /* Device.h */,
				8125D3BB1B20270F008F125B /* Device.m */,
			);
			path = "miband-unlocker";
			sourceTree = "<group>";
		};
		815606571B185A95005D160A /* Supporting Files */ = {
			isa = PBXGroup;
			children = (
				815606581B185A95005D160A /* Info.plist */,
				8156065C1B185A95005D160A /* main.m */,
			);
			name = "Supporting Files";
			sourceTree = "<group>";
		};
		8156066D1B185A95005D160A /* miband-unlockerTests */ = {
			isa = PBXGroup;
			children = (
				815606701B185A95005D160A /* miband_unlockerTests.m */,
				8156066E1B185A95005D160A /* Supporting Files */,
			);
			path = "miband-unlockerTests";
			sourceTree = "<group>";
		};
		8156066E1B185A95005D160A /* Supporting Files */ = {
			isa = PBXGroup;
			children = (
				8156066F1B185A95005D160A /* Info.plist */,
			);
			name = "Supporting Files";
			sourceTree = "<group>";
		};
/* End PBXGroup section */

/* Begin PBXNativeTarget section */
		815606531B185A95005D160A /* miband-unlocker */ = {
			isa = PBXNativeTarget;
			buildConfigurationList = 815606741B185A95005D160A /* Build configuration list for PBXNativeTarget "miband-unlocker" */;
			buildPhases = (
				815606501B185A95005D160A /* Sources */,
				815606511B185A95005D160A /* Frameworks */,
				815606521B185A95005D160A /* Resources */,
			);
			buildRules = (
			);
			dependencies = (
			);
			name = "miband-unlocker";
			productName = "miband-unlocker";
			productReference = 815606541B185A95005D160A /* miband-unlocker.app */;
			productType = "com.apple.product-type.application";
		};
		815606691B185A95005D160A /* miband-unlockerTests */ = {
			isa = PBXNativeTarget;
			buildConfigurationList = 815606771B185A95005D160A /* Build configuration list for PBXNativeTarget "miband-unlockerTests" */;
			buildPhases = (
				815606661B185A95005D160A /* Sources */,
				815606671B185A95005D160A /* Frameworks */,
				815606681B185A95005D160A /* Resources */,
			);
			buildRules = (
			);
			dependencies = (
				8156066C1B185A95005D160A /* PBXTargetDependency */,
			);
			name = "miband-unlockerTests";
			productName = "miband-unlockerTests";
			productReference = 8156066A1B185A95005D160A /* miband-unlockerTests.xctest */;
			productType = "com.apple.product-type.bundle.unit-test";
		};
/* End PBXNativeTarget section */

/* Begin PBXProject section */
		8156064C1B185A95005D160A /* Project object */ = {
			isa = PBXProject;
			attributes = {
				LastUpgradeCheck = 0630;
				ORGANIZATIONNAME = pangliang;
				TargetAttributes = {
					815606531B185A95005D160A = {
						CreatedOnToolsVersion = 6.3.2;
					};
					815606691B185A95005D160A = {
						CreatedOnToolsVersion = 6.3.2;
						TestTargetID = 815606531B185A95005D160A;
					};
				};
			};
			buildConfigurationList = 8156064F1B185A95005D160A /* Build configuration list for PBXProject "miband-unlocker" */;
			compatibilityVersion = "Xcode 3.2";
			developmentRegion = English;
			hasScannedForEncodings = 0;
			knownRegions = (
				en,
				Base,
			);
			mainGroup = 8156064B1B185A95005D160A;
			productRefGroup = 815606551B185A95005D160A /* Products */;
			projectDirPath = "";
			projectRoot = "";
			targets = (
				815606531B185A95005D160A /* miband-unlocker */,
				815606691B185A95005D160A /* miband-unlockerTests */,
			);
		};
/* End PBXProject section */

/* Begin PBXResourcesBuildPhase section */
		815606521B185A95005D160A /* Resources */ = {
			isa = PBXResourcesBuildPhase;
			buildActionMask = 2147483647;
			files = (
				815606621B185A95005D160A /* Images.xcassets in Resources */,
				819015741B1EFFE300FC2350 /* MainPopoverViewController.xib in Resources */,
				8190156B1B1EF50900FC2350 /* Chain_links_24.png in Resources */,
				814194861B1EF133008B6B96 /* Main.storyboard in Resources */,
			);
			runOnlyForDeploymentPostprocessing = 0;
		};
		815606681B185A95005D160A /* Resources */ = {
			isa = PBXResourcesBuildPhase;
			buildActionMask = 2147483647;
			files = (
			);
			runOnlyForDeploymentPostprocessing = 0;
		};
/* End PBXResourcesBuildPhase section */

/* Begin PBXSourcesBuildPhase section */
		815606501B185A95005D160A /* Sources */ = {
			isa = PBXSourcesBuildPhase;
			buildActionMask = 2147483647;
			files = (
				810599A31B1EAE8200DC320D /* BLEDeviceManager.m in Sources */,
				8156065D1B185A95005D160A /* main.m in Sources */,
				8156065B1B185A95005D160A /* AppDelegate.m in Sources */,
				8125D3BC1B20270F008F125B /* Device.m in Sources */,
				819015731B1EFFE300FC2350 /* MainPopoverViewController.m in Sources */,
				8156067C1B185B30005D160A /* MacLocker.m in Sources */,
			);
			runOnlyForDeploymentPostprocessing = 0;
		};
		815606661B185A95005D160A /* Sources */ = {
			isa = PBXSourcesBuildPhase;
			buildActionMask = 2147483647;
			files = (
				815606711B185A95005D160A /* miband_unlockerTests.m in Sources */,
			);
			runOnlyForDeploymentPostprocessing = 0;
		};
/* End PBXSourcesBuildPhase section */

/* Begin PBXTargetDependency section */
		8156066C1B185A95005D160A /* PBXTargetDependency */ = {
			isa = PBXTargetDependency;
			target = 815606531B185A95005D160A /* miband-unlocker */;
			targetProxy = 8156066B1B185A95005D160A /* PBXContainerItemProxy */;
		};
/* End PBXTargetDependency section */

/* Begin PBXVariantGroup section */
		815606631B185A95005D160A /* Main.storyboard */ = {
			isa = PBXVariantGroup;
			children = (
				815606641B185A95005D160A /* Base */,
			);
			name = Main.storyboard;
			sourceTree = "<group>";
		};
/* End PBXVariantGroup section */

/* Begin XCBuildConfiguration section */
		815606721B185A95005D160A /* Debug */ = {
			isa = XCBuildConfiguration;
			buildSettings = {
				ALWAYS_SEARCH_USER_PATHS = NO;
				CLANG_CXX_LANGUAGE_STANDARD = "gnu++0x";
				CLANG_CXX_LIBRARY = "libc++";
				CLANG_ENABLE_MODULES = YES;
				CLANG_ENABLE_OBJC_ARC = YES;
				CLANG_WARN_BOOL_CONVERSION = YES;
				CLANG_WARN_CONSTANT_CONVERSION = YES;
				CLANG_WARN_DIRECT_OBJC_ISA_USAGE = YES_ERROR;
				CLANG_WARN_EMPTY_BODY = YES;
				CLANG_WARN_ENUM_CONVERSION = YES;
				CLANG_WARN_INT_CONVERSION = YES;
				CLANG_WARN_OBJC_ROOT_CLASS = YES_ERROR;
				CLANG_WARN_UNREACHABLE_CODE = YES;
				CLANG_WARN__DUPLICATE_METHOD_MATCH = YES;
				CODE_SIGN_IDENTITY = "-";
				COPY_PHASE_STRIP = NO;
				DEBUG_INFORMATION_FORMAT = dwarf;
				ENABLE_STRICT_OBJC_MSGSEND = YES;
				GCC_C_LANGUAGE_STANDARD = gnu99;
				GCC_DYNAMIC_NO_PIC = NO;
				GCC_NO_COMMON_BLOCKS = YES;
				GCC_OPTIMIZATION_LEVEL = 0;
				GCC_PREPROCESSOR_DEFINITIONS = (
					"DEBUG=1",
					"$(inherited)",
				);
				GCC_SYMBOLS_PRIVATE_EXTERN = NO;
				GCC_WARN_64_TO_32_BIT_CONVERSION = YES;
				GCC_WARN_ABOUT_RETURN_TYPE = YES_ERROR;
				GCC_WARN_UNDECLARED_SELECTOR = YES;
				GCC_WARN_UNINITIALIZED_AUTOS = YES_AGGRESSIVE;
				GCC_WARN_UNUSED_FUNCTION = YES;
				GCC_WARN_UNUSED_VARIABLE = YES;
				MACOSX_DEPLOYMENT_TARGET = 10.10;
				MTL_ENABLE_DEBUG_INFO = YES;
				ONLY_ACTIVE_ARCH = YES;
				SDKROOT = macosx;
			};
			name = Debug;
		};
		815606731B185A95005D160A /* Release */ = {
			isa = XCBuildConfiguration;
			buildSettings = {
				ALWAYS_SEARCH_USER_PATHS = NO;
				CLANG_CXX_LANGUAGE_STANDARD = "gnu++0x";
				CLANG_CXX_LIBRARY = "libc++";
				CLANG_ENABLE_MODULES = YES;
				CLANG_ENABLE_OBJC_ARC = YES;
				CLANG_WARN_BOOL_CONVERSION = YES;
				CLANG_WARN_CONSTANT_CONVERSION = YES;
				CLANG_WARN_DIRECT_OBJC_ISA_USAGE = YES_ERROR;
				CLANG_WARN_EMPTY_BODY = YES;
				CLANG_WARN_ENUM_CONVERSION = YES;
				CLANG_WARN_INT_CONVERSION = YES;
				CLANG_WARN_OBJC_ROOT_CLASS = YES_ERROR;
				CLANG_WARN_UNREACHABLE_CODE = YES;
				CLANG_WARN__DUPLICATE_METHOD_MATCH = YES;
				CODE_SIGN_IDENTITY = "-";
				COPY_PHASE_STRIP = NO;
				DEBUG_INFORMATION_FORMAT = "dwarf-with-dsym";
				ENABLE_NS_ASSERTIONS = NO;
				ENABLE_STRICT_OBJC_MSGSEND = YES;
				GCC_C_LANGUAGE_STANDARD = gnu99;
				GCC_NO_COMMON_BLOCKS = YES;
				GCC_WARN_64_TO_32_BIT_CONVERSION = YES;
				GCC_WARN_ABOUT_RETURN_TYPE = YES_ERROR;
				GCC_WARN_UNDECLARED_SELECTOR = YES;
				GCC_WARN_UNINITIALIZED_AUTOS = YES_AGGRESSIVE;
				GCC_WARN_UNUSED_FUNCTION = YES;
				GCC_WARN_UNUSED_VARIABLE = YES;
				MACOSX_DEPLOYMENT_TARGET = 10.10;
				MTL_ENABLE_DEBUG_INFO = NO;
				SDKROOT = macosx;
			};
			name = Release;
		};
		815606751B185A95005D160A /* Debug */ = {
			isa = XCBuildConfiguration;
			buildSettings = {
				ASSETCATALOG_COMPILER_APPICON_NAME = AppIcon;
				COMBINE_HIDPI_IMAGES = YES;
				FRAMEWORK_SEARCH_PATHS = (
					"$(inherited)",
					"$(SYSTEM_LIBRARY_DIR)/PrivateFrameworks",
				);
				INFOPLIST_FILE = "miband-unlocker/Info.plist";
				LD_RUNPATH_SEARCH_PATHS = "$(inherited) @executable_path/../Frameworks";
				PRODUCT_NAME = "$(TARGET_NAME)";
			};
			name = Debug;
		};
		815606761B185A95005D160A /* Release */ = {
			isa = XCBuildConfiguration;
			buildSettings = {
				ASSETCATALOG_COMPILER_APPICON_NAME = AppIcon;
				COMBINE_HIDPI_IMAGES = YES;
				FRAMEWORK_SEARCH_PATHS = (
					"$(inherited)",
					"$(SYSTEM_LIBRARY_DIR)/PrivateFrameworks",
				);
				INFOPLIST_FILE = "miband-unlocker/Info.plist";
				LD_RUNPATH_SEARCH_PATHS = "$(inherited) @executable_path/../Frameworks";
				PRODUCT_NAME = "$(TARGET_NAME)";
			};
			name = Release;
		};
		815606781B185A95005D160A /* Debug */ = {
			isa = XCBuildConfiguration;
			buildSettings = {
				BUNDLE_LOADER = "$(TEST_HOST)";
				COMBINE_HIDPI_IMAGES = YES;
				FRAMEWORK_SEARCH_PATHS = (
					"$(DEVELOPER_FRAMEWORKS_DIR)",
					"$(inherited)",
				);
				GCC_PREPROCESSOR_DEFINITIONS = (
					"DEBUG=1",
					"$(inherited)",
				);
				INFOPLIST_FILE = "miband-unlockerTests/Info.plist";
				LD_RUNPATH_SEARCH_PATHS = "$(inherited) @executable_path/../Frameworks @loader_path/../Frameworks";
				PRODUCT_NAME = "$(TARGET_NAME)";
				TEST_HOST = "$(BUILT_PRODUCTS_DIR)/miband-unlocker.app/Contents/MacOS/miband-unlocker";
			};
			name = Debug;
		};
		815606791B185A95005D160A /* Release */ = {
			isa = XCBuildConfiguration;
			buildSettings = {
				BUNDLE_LOADER = "$(TEST_HOST)";
				COMBINE_HIDPI_IMAGES = YES;
				FRAMEWORK_SEARCH_PATHS = (
					"$(DEVELOPER_FRAMEWORKS_DIR)",
					"$(inherited)",
				);
				INFOPLIST_FILE = "miband-unlockerTests/Info.plist";
				LD_RUNPATH_SEARCH_PATHS = "$(inherited) @executable_path/../Frameworks @loader_path/../Frameworks";
				PRODUCT_NAME = "$(TARGET_NAME)";
				TEST_HOST = "$(BUILT_PRODUCTS_DIR)/miband-unlocker.app/Contents/MacOS/miband-unlocker";
			};
			name = Release;
		};
/* End XCBuildConfiguration section */

/* Begin XCConfigurationList section */
		8156064F1B185A95005D160A /* Build configuration list for PBXProject "miband-unlocker" */ = {
			isa = XCConfigurationList;
			buildConfigurations = (
				815606721B185A95005D160A /* Debug */,
				815606731B185A95005D160A /* Release */,
			);
			defaultConfigurationIsVisible = 0;
			defaultConfigurationName = Release;
		};
		815606741B185A95005D160A /* Build configuration list for PBXNativeTarget "miband-unlocker" */ = {
			isa = XCConfigurationList;
			buildConfigurations = (
				815606751B185A95005D160A /* Debug */,
				815606761B185A95005D160A /* Release */,
			);
			defaultConfigurationIsVisible = 0;
			defaultConfigurationName = Release;
		};
		815606771B185A95005D160A /* Build configuration list for PBXNativeTarget "miband-unlockerTests" */ = {
			isa = XCConfigurationList;
			buildConfigurations = (
				815606781B185A95005D160A /* Debug */,
				815606791B185A95005D160A /* Release */,
			);
			defaultConfigurationIsVisible = 0;
			defaultConfigurationName = Release;
		};
/* End XCConfigurationList section */
	};
	rootObject = 8156064C1B185A95005D160A /* Project object */;
}
