// !$*UTF8*$!
{
	archiveVersion = 1;
	classes = {
	};
	objectVersion = 46;
	objects = {

/* Begin PBXBuildFile section */
		810599A01B1EAE3F00DC320D /* CoreBluetooth.framework in Frameworks */ = {isa = PBXBuildFile; fileRef = 8105999F1B1EAE3F00DC320D /* CoreBluetooth.framework */; };
		814AF7161B21C7F200367862 /* icon-64.png in Resources */ = {isa = PBXBuildFile; fileRef = 814AF7151B21C7F200367862 /* icon-64.png */; };
		8190156B1B1EF50900FC2350 /* Chain_links_24.png in Resources */ = {isa = PBXBuildFile; fileRef = 8190156A1B1EF50900FC2350 /* Chain_links_24.png */; };
		819015751B1F198600FC2350 /* CoreBluetooth.framework in Frameworks */ = {isa = PBXBuildFile; fileRef = 8105999F1B1EAE3F00DC320D /* CoreBluetooth.framework */; };
		819015791B1F1A6D00FC2350 /* AppKit.framework in Frameworks */ = {isa = PBXBuildFile; fileRef = 819015781B1F1A6D00FC2350 /* AppKit.framework */; };
		81C42E871CBE445200932E3C /* AppDelegate.m in Sources */ = {isa = PBXBuildFile; fileRef = 81C42E781CBE445200932E3C /* AppDelegate.m */; };
		81C42E881CBE445200932E3C /* BLEDeviceManager.m in Sources */ = {isa = PBXBuildFile; fileRef = 81C42E7A1CBE445200932E3C /* BLEDeviceManager.m */; };
		81C42E891CBE445200932E3C /* Main.storyboard in Resources */ = {isa = PBXBuildFile; fileRef = 81C42E7B1CBE445200932E3C /* Main.storyboard */; };
		81C42E8A1CBE445200932E3C /* Device.m in Sources */ = {isa = PBXBuildFile; fileRef = 81C42E7E1CBE445200932E3C /* Device.m */; };
		81C42E8B1CBE445200932E3C /* Images.xcassets in Resources */ = {isa = PBXBuildFile; fileRef = 81C42E7F1CBE445200932E3C /* Images.xcassets */; };
		81C42E8C1CBE445200932E3C /* Info.plist in Resources */ = {isa = PBXBuildFile; fileRef = 81C42E801CBE445200932E3C /* Info.plist */; };
		81C42E8D1CBE445200932E3C /* MacLocker.m in Sources */ = {isa = PBXBuildFile; fileRef = 81C42E821CBE445200932E3C /* MacLocker.m */; };
		81C42E8E1CBE445200932E3C /* MainPopoverViewController.m in Sources */ = {isa = PBXBuildFile; fileRef = 81C42E841CBE445200932E3C /* MainPopoverViewController.m */; };
		81C42E8F1CBE445200932E3C /* MainPopoverViewController.xib in Resources */ = {isa = PBXBuildFile; fileRef = 81C42E851CBE445200932E3C /* MainPopoverViewController.xib */; };
		81C42E901CBE445200932E3C /* main.m in Sources */ = {isa = PBXBuildFile; fileRef = 81C42E861CBE445200932E3C /* main.m */; };
/* End PBXBuildFile section */

/* Begin PBXContainerItemProxy section */
		8156066B1B185A95005D160A /* PBXContainerItemProxy */ = {
			isa = PBXContainerItemProxy;
			containerPortal = 8156064C1B185A95005D160A /* Project object */;
			proxyType = 1;
			remoteGlobalIDString = 815606531B185A95005D160A;
			remoteInfo = "miband-unlocker";
		};
/* End PBXContainerItemProxy section */

/* Begin PBXFileReference section */
		8105999F1B1EAE3F00DC320D /* CoreBluetooth.framework */ = {isa = PBXFileReference; lastKnownFileType = wrapper.framework; name = CoreBluetooth.framework; path = System/Library/Frameworks/CoreBluetooth.framework; sourceTree = SDKROOT; };
		814AF7151B21C7F200367862 /* icon-64.png */ = {isa = PBXFileReference; lastKnownFileType = image.png; path = "icon-64.png"; sourceTree = "<group>"; };
		815606541B185A95005D160A /* ble-unlocker.app */ = {isa = PBXFileReference; explicitFileType = wrapper.application; includeInIndex = 0; path = "ble-unlocker.app"; sourceTree = BUILT_PRODUCTS_DIR; };
		8156066A1B185A95005D160A /* ble-unlocker.xctest */ = {isa = PBXFileReference; explicitFileType = wrapper.cfbundle; includeInIndex = 0; path = "ble-unlocker.xctest"; sourceTree = BUILT_PRODUCTS_DIR; };
		8190156A1B1EF50900FC2350 /* Chain_links_24.png */ = {isa = PBXFileReference; lastKnownFileType = image.png; path = Chain_links_24.png; sourceTree = "<group>"; };
		819015761B1F19B500FC2350 /* CoreFoundation.framework */ = {isa = PBXFileReference; lastKnownFileType = wrapper.framework; name = CoreFoundation.framework; path = System/Library/Frameworks/CoreFoundation.framework; sourceTree = SDKROOT; };
		819015781B1F1A6D00FC2350 /* AppKit.framework */ = {isa = PBXFileReference; lastKnownFileType = wrapper.framework; name = AppKit.framework; path = System/Library/Frameworks/AppKit.framework; sourceTree = SDKROOT; };
		81C42E771CBE445200932E3C /* AppDelegate.h */ = {isa = PBXFileReference; fileEncoding = 4; lastKnownFileType = sourcecode.c.h; path = AppDelegate.h; sourceTree = "<group>"; };
		81C42E781CBE445200932E3C /* AppDelegate.m */ = {isa = PBXFileReference; fileEncoding = 4; lastKnownFileType = sourcecode.c.objc; path = AppDelegate.m; sourceTree = "<group>"; };
		81C42E791CBE445200932E3C /* BLEDeviceManager.h */ = {isa = PBXFileReference; fileEncoding = 4; lastKnownFileType = sourcecode.c.h; path = BLEDeviceManager.h; sourceTree = "<group>"; };
		81C42E7A1CBE445200932E3C /* BLEDeviceManager.m */ = {isa = PBXFileReference; fileEncoding = 4; lastKnownFileType = sourcecode.c.objc; path = BLEDeviceManager.m; sourceTree = "<group>"; };
		81C42E7C1CBE445200932E3C /* Base */ = {isa = PBXFileReference; lastKnownFileType = file.storyboard; name = Base; path = Base.lproj/Main.storyboard; sourceTree = "<group>"; };
		81C42E7D1CBE445200932E3C /* Device.h */ = {isa = PBXFileReference; fileEncoding = 4; lastKnownFileType = sourcecode.c.h; path = Device.h; sourceTree = "<group>"; };
		81C42E7E1CBE445200932E3C /* Device.m */ = {isa = PBXFileReference; fileEncoding = 4; lastKnownFileType = sourcecode.c.objc; path = Device.m; sourceTree = "<group>"; };
		81C42E7F1CBE445200932E3C /* Images.xcassets */ = {isa = PBXFileReference; lastKnownFileType = folder.assetcatalog; path = Images.xcassets; sourceTree = "<group>"; };
		81C42E801CBE445200932E3C /* Info.plist */ = {isa = PBXFileReference; fileEncoding = 4; lastKnownFileType = text.plist.xml; path = Info.plist; sourceTree = "<group>"; };
		81C42E811CBE445200932E3C /* MacLocker.h */ = {isa = PBXFileReference; fileEncoding = 4; lastKnownFileType = sourcecode.c.h; path = MacLocker.h; sourceTree = "<group>"; };
		81C42E821CBE445200932E3C /* MacLocker.m */ = {isa = PBXFileReference; fileEncoding = 4; lastKnownFileType = sourcecode.c.objc; path = MacLocker.m; sourceTree = "<group>"; };
		81C42E831CBE445200932E3C /* MainPopoverViewController.h */ = {isa = PBXFileReference; fileEncoding = 4; lastKnownFileType = sourcecode.c.h; path = MainPopoverViewController.h; sourceTree = "<group>"; };
		81C42E841CBE445200932E3C /* MainPopoverViewController.m */ = {isa = PBXFileReference; fileEncoding = 4; lastKnownFileType = sourcecode.c.objc; path = MainPopoverViewController.m; sourceTree = "<group>"; };
		81C42E851CBE445200932E3C /* MainPopoverViewController.xib */ = {isa = PBXFileReference; fileEncoding = 4; lastKnownFileType = file.xib; path = MainPopoverViewController.xib; sourceTree = "<group>"; };
		81C42E861CBE445200932E3C /* main.m */ = {isa = PBXFileReference; fileEncoding = 4; lastKnownFileType = sourcecode.c.objc; path = main.m; sourceTree = "<group>"; };
/* End PBXFileReference section */

/* Begin PBXFrameworksBuildPhase section */
		815606511B185A95005D160A /* Frameworks */ = {
			isa = PBXFrameworksBuildPhase;
			buildActionMask = 2147483647;
			files = (
				810599A01B1EAE3F00DC320D /* CoreBluetooth.framework in Frameworks */,
			);
			runOnlyForDeploymentPostprocessing = 0;
		};
		815606671B185A95005D160A /* Frameworks */ = {
			isa = PBXFrameworksBuildPhase;
			buildActionMask = 2147483647;
			files = (
				819015791B1F1A6D00FC2350 /* AppKit.framework in Frameworks */,
				819015751B1F198600FC2350 /* CoreBluetooth.framework in Frameworks */,
			);
			runOnlyForDeploymentPostprocessing = 0;
		};
/* End PBXFrameworksBuildPhase section */

/* Begin PBXGroup section */
		8156064B1B185A95005D160A = {
			isa = PBXGroup;
			children = (
				814AF7151B21C7F200367862 /* icon-64.png */,
				819015781B1F1A6D00FC2350 /* AppKit.framework */,
				819015761B1F19B500FC2350 /* CoreFoundation.framework */,
				8190156A1B1EF50900FC2350 /* Chain_links_24.png */,
				8105999F1B1EAE3F00DC320D /* CoreBluetooth.framework */,
				815606551B185A95005D160A /* Products */,
				81C42E761CBE445200932E3C /* ble-unlocker */,
			);
			sourceTree = "<group>";
		};
		815606551B185A95005D160A /* Products */ = {
			isa = PBXGroup;
			children = (
				815606541B185A95005D160A /* ble-unlocker.app */,
				8156066A1B185A95005D160A /* ble-unlocker.xctest */,
			);
			name = Products;
			sourceTree = "<group>";
		};
		81C42E761CBE445200932E3C /* ble-unlocker */ = {
			isa = PBXGroup;
			children = (
				81C42E771CBE445200932E3C /* AppDelegate.h */,
				81C42E781CBE445200932E3C /* AppDelegate.m */,
				81C42E791CBE445200932E3C /* BLEDeviceManager.h */,
				81C42E7A1CBE445200932E3C /* BLEDeviceManager.m */,
				81C42E7B1CBE445200932E3C /* Main.storyboard */,
				81C42E7D1CBE445200932E3C /* Device.h */,
				81C42E7E1CBE445200932E3C /* Device.m */,
				81C42E7F1CBE445200932E3C /* Images.xcassets */,
				81C42E801CBE445200932E3C /* Info.plist */,
				81C42E811CBE445200932E3C /* MacLocker.h */,
				81C42E821CBE445200932E3C /* MacLocker.m */,
				81C42E831CBE445200932E3C /* MainPopoverViewController.h */,
				81C42E841CBE445200932E3C /* MainPopoverViewController.m */,
				81C42E851CBE445200932E3C /* MainPopoverViewController.xib */,
				81C42E861CBE445200932E3C /* main.m */,
			);
			path = "ble-unlocker";
			sourceTree = "<group>";
		};
/* End PBXGroup section */

/* Begin PBXNativeTarget section */
		815606531B185A95005D160A /* ble-unlocker */ = {
			isa = PBXNativeTarget;
			buildConfigurationList = 815606741B185A95005D160A /* Build configuration list for PBXNativeTarget "ble-unlocker" */;
			buildPhases = (
				815606501B185A95005D160A /* Sources */,
				815606511B185A95005D160A /* Frameworks */,
				815606521B185A95005D160A /* Resources */,
			);
			buildRules = (
			);
			dependencies = (
			);
			name = "ble-unlocker";
			productName = "miband-unlocker";
			productReference = 815606541B185A95005D160A /* ble-unlocker.app */;
			productType = "com.apple.product-type.application";
		};
		815606691B185A95005D160A /* ble-unlockerTests */ = {
			isa = PBXNativeTarget;
			buildConfigurationList = 815606771B185A95005D160A /* Build configuration list for PBXNativeTarget "ble-unlockerTests" */;
			buildPhases = (
				815606661B185A95005D160A /* Sources */,
				815606671B185A95005D160A /* Frameworks */,
				815606681B185A95005D160A /* Resources */,
			);
			buildRules = (
			);
			dependencies = (
				8156066C1B185A95005D160A /* PBXTargetDependency */,
			);
			name = "ble-unlockerTests";
			productName = "miband-unlockerTests";
			productReference = 8156066A1B185A95005D160A /* ble-unlocker.xctest */;
			productType = "com.apple.product-type.bundle.unit-test";
		};
/* End PBXNativeTarget section */

/* Begin PBXProject section */
		8156064C1B185A95005D160A /* Project object */ = {
			isa = PBXProject;
			attributes = {
				LastUpgradeCheck = 0630;
				ORGANIZATIONNAME = pangliang;
				TargetAttributes = {
					815606531B185A95005D160A = {
						CreatedOnToolsVersion = 6.3.2;
					};
					815606691B185A95005D160A = {
						CreatedOnToolsVersion = 6.3.2;
						TestTargetID = 815606531B185A95005D160A;
					};
				};
			};
			buildConfigurationList = 8156064F1B185A95005D160A /* Build configuration list for PBXProject "ble-unlocker" */;
			compatibilityVersion = "Xcode 3.2";
			developmentRegion = English;
			hasScannedForEncodings = 0;
			knownRegions = (
				en,
				Base,
			);
			mainGroup = 8156064B1B185A95005D160A;
			productRefGroup = 815606551B185A95005D160A /* Products */;
			projectDirPath = "";
			projectRoot = "";
			targets = (
				815606531B185A95005D160A /* ble-unlocker */,
				815606691B185A95005D160A /* ble-unlockerTests */,
			);
		};
/* End PBXProject section */

/* Begin PBXResourcesBuildPhase section */
		815606521B185A95005D160A /* Resources */ = {
			isa = PBXResourcesBuildPhase;
			buildActionMask = 2147483647;
			files = (
				81C42E891CBE445200932E3C /* Main.storyboard in Resources */,
				81C42E8F1CBE445200932E3C /* MainPopoverViewController.xib in Resources */,
				81C42E8B1CBE445200932E3C /* Images.xcassets in Resources */,
				814AF7161B21C7F200367862 /* icon-64.png in Resources */,
				81C42E8C1CBE445200932E3C /* Info.plist in Resources */,
				8190156B1B1EF50900FC2350 /* Chain_links_24.png in Resources */,
			);
			runOnlyForDeploymentPostprocessing = 0;
		};
		815606681B185A95005D160A /* Resources */ = {
			isa = PBXResourcesBuildPhase;
			buildActionMask = 2147483647;
			files = (
			);
			runOnlyForDeploymentPostprocessing = 0;
		};
/* End PBXResourcesBuildPhase section */

/* Begin PBXSourcesBuildPhase section */
		815606501B185A95005D160A /* Sources */ = {
			isa = PBXSourcesBuildPhase;
			buildActionMask = 2147483647;
			files = (
				81C42E8A1CBE445200932E3C /* Device.m in Sources */,
				81C42E871CBE445200932E3C /* AppDelegate.m in Sources */,
				81C42E881CBE445200932E3C /* BLEDeviceManager.m in Sources */,
				81C42E8D1CBE445200932E3C /* MacLocker.m in Sources */,
				81C42E901CBE445200932E3C /* main.m in Sources */,
				81C42E8E1CBE445200932E3C /* MainPopoverViewController.m in Sources */,
			);
			runOnlyForDeploymentPostprocessing = 0;
		};
		815606661B185A95005D160A /* Sources */ = {
			isa = PBXSourcesBuildPhase;
			buildActionMask = 2147483647;
			files = (
			);
			runOnlyForDeploymentPostprocessing = 0;
		};
/* End PBXSourcesBuildPhase section */

/* Begin PBXTargetDependency section */
		8156066C1B185A95005D160A /* PBXTargetDependency */ = {
			isa = PBXTargetDependency;
			target = 815606531B185A95005D160A /* ble-unlocker */;
			targetProxy = 8156066B1B185A95005D160A /* PBXContainerItemProxy */;
		};
/* End PBXTargetDependency section */

/* Begin PBXVariantGroup section */
		81C42E7B1CBE445200932E3C /* Main.storyboard */ = {
			isa = PBXVariantGroup;
			children = (
				81C42E7C1CBE445200932E3C /* Base */,
			);
			name = Main.storyboard;
			sourceTree = "<group>";
		};
/* End PBXVariantGroup section */

/* Begin XCBuildConfiguration section */
		815606721B185A95005D160A /* Debug */ = {
			isa = XCBuildConfiguration;
			buildSettings = {
				ALWAYS_SEARCH_USER_PATHS = NO;
				CLANG_CXX_LANGUAGE_STANDARD = "gnu++0x";
				CLANG_CXX_LIBRARY = "libc++";
				CLANG_ENABLE_MODULES = YES;
				CLANG_ENABLE_OBJC_ARC = YES;
				CLANG_WARN_BOOL_CONVERSION = YES;
				CLANG_WARN_CONSTANT_CONVERSION = YES;
				CLANG_WARN_DIRECT_OBJC_ISA_USAGE = YES_ERROR;
				CLANG_WARN_EMPTY_BODY = YES;
				CLANG_WARN_ENUM_CONVERSION = YES;
				CLANG_WARN_INT_CONVERSION = YES;
				CLANG_WARN_OBJC_ROOT_CLASS = YES_ERROR;
				CLANG_WARN_UNREACHABLE_CODE = YES;
				CLANG_WARN__DUPLICATE_METHOD_MATCH = YES;
				CODE_SIGN_IDENTITY = "-";
				COPY_PHASE_STRIP = NO;
				DEBUG_INFORMATION_FORMAT = dwarf;
				ENABLE_STRICT_OBJC_MSGSEND = YES;
				GCC_C_LANGUAGE_STANDARD = gnu99;
				GCC_DYNAMIC_NO_PIC = NO;
				GCC_NO_COMMON_BLOCKS = YES;
				GCC_OPTIMIZATION_LEVEL = 0;
				GCC_PREPROCESSOR_DEFINITIONS = (
					"DEBUG=1",
					"$(inherited)",
				);
				GCC_SYMBOLS_PRIVATE_EXTERN = NO;
				GCC_WARN_64_TO_32_BIT_CONVERSION = YES;
				GCC_WARN_ABOUT_RETURN_TYPE = YES_ERROR;
				GCC_WARN_UNDECLARED_SELECTOR = YES;
				GCC_WARN_UNINITIALIZED_AUTOS = YES_AGGRESSIVE;
				GCC_WARN_UNUSED_FUNCTION = YES;
				GCC_WARN_UNUSED_VARIABLE = YES;
				MACOSX_DEPLOYMENT_TARGET = 10.10;
				MTL_ENABLE_DEBUG_INFO = YES;
				ONLY_ACTIVE_ARCH = YES;
				SDKROOT = macosx;
			};
			name = Debug;
		};
		815606731B185A95005D160A /* Release */ = {
			isa = XCBuildConfiguration;
			buildSettings = {
				ALWAYS_SEARCH_USER_PATHS = NO;
				CLANG_CXX_LANGUAGE_STANDARD = "gnu++0x";
				CLANG_CXX_LIBRARY = "libc++";
				CLANG_ENABLE_MODULES = YES;
				CLANG_ENABLE_OBJC_ARC = YES;
				CLANG_WARN_BOOL_CONVERSION = YES;
				CLANG_WARN_CONSTANT_CONVERSION = YES;
				CLANG_WARN_DIRECT_OBJC_ISA_USAGE = YES_ERROR;
				CLANG_WARN_EMPTY_BODY = YES;
				CLANG_WARN_ENUM_CONVERSION = YES;
				CLANG_WARN_INT_CONVERSION = YES;
				CLANG_WARN_OBJC_ROOT_CLASS = YES_ERROR;
				CLANG_WARN_UNREACHABLE_CODE = YES;
				CLANG_WARN__DUPLICATE_METHOD_MATCH = YES;
				CODE_SIGN_IDENTITY = "-";
				COPY_PHASE_STRIP = NO;
				DEBUG_INFORMATION_FORMAT = "dwarf-with-dsym";
				ENABLE_NS_ASSERTIONS = NO;
				ENABLE_STRICT_OBJC_MSGSEND = YES;
				GCC_C_LANGUAGE_STANDARD = gnu99;
				GCC_NO_COMMON_BLOCKS = YES;
				GCC_WARN_64_TO_32_BIT_CONVERSION = YES;
				GCC_WARN_ABOUT_RETURN_TYPE = YES_ERROR;
				GCC_WARN_UNDECLARED_SELECTOR = YES;
				GCC_WARN_UNINITIALIZED_AUTOS = YES_AGGRESSIVE;
				GCC_WARN_UNUSED_FUNCTION = YES;
				GCC_WARN_UNUSED_VARIABLE = YES;
				MACOSX_DEPLOYMENT_TARGET = 10.10;
				MTL_ENABLE_DEBUG_INFO = NO;
				SDKROOT = macosx;
			};
			name = Release;
		};
		815606751B185A95005D160A /* Debug */ = {
			isa = XCBuildConfiguration;
			buildSettings = {
				ASSETCATALOG_COMPILER_APPICON_NAME = AppIcon;
				COMBINE_HIDPI_IMAGES = YES;
				FRAMEWORK_SEARCH_PATHS = (
					"$(inherited)",
					"$(SYSTEM_LIBRARY_DIR)/PrivateFrameworks",
				);
				INFOPLIST_FILE = "$(SRCROOT)/ble-unlocker/Info.plist";
				LD_RUNPATH_SEARCH_PATHS = "$(inherited) @executable_path/../Frameworks";
				MACOSX_DEPLOYMENT_TARGET = 10.9;
				PRODUCT_BUNDLE_IDENTIFIER = "com.zhaoxiaodan.ble-unlocker";
				PRODUCT_NAME = "ble-unlocker";
			};
			name = Debug;
		};
		815606761B185A95005D160A /* Release */ = {
			isa = XCBuildConfiguration;
			buildSettings = {
				ASSETCATALOG_COMPILER_APPICON_NAME = AppIcon;
				COMBINE_HIDPI_IMAGES = YES;
				FRAMEWORK_SEARCH_PATHS = (
					"$(inherited)",
					"$(SYSTEM_LIBRARY_DIR)/PrivateFrameworks",
				);
				INFOPLIST_FILE = "$(SRCROOT)/ble-unlocker/Info.plist";
				LD_RUNPATH_SEARCH_PATHS = "$(inherited) @executable_path/../Frameworks";
				MACOSX_DEPLOYMENT_TARGET = 10.9;
				PRODUCT_BUNDLE_IDENTIFIER = "com.zhaoxiaodan.ble-unlocker";
				PRODUCT_NAME = "ble-unlocker";
			};
			name = Release;
		};
		815606781B185A95005D160A /* Debug */ = {
			isa = XCBuildConfiguration;
			buildSettings = {
				BUNDLE_LOADER = "$(TEST_HOST)";
				COMBINE_HIDPI_IMAGES = YES;
				FRAMEWORK_SEARCH_PATHS = (
					"$(DEVELOPER_FRAMEWORKS_DIR)",
					"$(inherited)",
				);
				GCC_PREPROCESSOR_DEFINITIONS = (
					"DEBUG=1",
					"$(inherited)",
				);
				INFOPLIST_FILE = "miband-unlockerTests/Info.plist";
				LD_RUNPATH_SEARCH_PATHS = "$(inherited) @executable_path/../Frameworks @loader_path/../Frameworks";
				PRODUCT_NAME = "ble-unlocker";
				TEST_HOST = "$(BUILT_PRODUCTS_DIR)/ble-unlocker.app/Contents/MacOS/ble-unlocker";
			};
			name = Debug;
		};
		815606791B185A95005D160A /* Release */ = {
			isa = XCBuildConfiguration;
			buildSettings = {
				BUNDLE_LOADER = "$(TEST_HOST)";
				COMBINE_HIDPI_IMAGES = YES;
				FRAMEWORK_SEARCH_PATHS = (
					"$(DEVELOPER_FRAMEWORKS_DIR)",
					"$(inherited)",
				);
				INFOPLIST_FILE = "miband-unlockerTests/Info.plist";
				LD_RUNPATH_SEARCH_PATHS = "$(inherited) @executable_path/../Frameworks @loader_path/../Frameworks";
				PRODUCT_NAME = "ble-unlocker";
				TEST_HOST = "$(BUILT_PRODUCTS_DIR)/ble-unlocker.app/Contents/MacOS/ble-unlocker";
			};
			name = Release;
		};
/* End XCBuildConfiguration section */

/* Begin XCConfigurationList section */
		8156064F1B185A95005D160A /* Build configuration list for PBXProject "ble-unlocker" */ = {
			isa = XCConfigurationList;
			buildConfigurations = (
				815606721B185A95005D160A /* Debug */,
				815606731B185A95005D160A /* Release */,
			);
			defaultConfigurationIsVisible = 0;
			defaultConfigurationName = Release;
		};
		815606741B185A95005D160A /* Build configuration list for PBXNativeTarget "ble-unlocker" */ = {
			isa = XCConfigurationList;
			buildConfigurations = (
				815606751B185A95005D160A /* Debug */,
				815606761B185A95005D160A /* Release */,
			);
			defaultConfigurationIsVisible = 0;
			defaultConfigurationName = Release;
		};
		815606771B185A95005D160A /* Build configuration list for PBXNativeTarget "ble-unlockerTests" */ = {
			isa = XCConfigurationList;
			buildConfigurations = (
				815606781B185A95005D160A /* Debug */,
				815606791B185A95005D160A /* Release */,
			);
			defaultConfigurationIsVisible = 0;
			defaultConfigurationName = Release;
		};
/* End XCConfigurationList section */
	};
	rootObject = 8156064C1B185A95005D160A /* Project object */;
}
